
Microsoft Visual Studio Solution File, Format Version 12.00
# Visual Studio Version 17
VisualStudioVersion = 17.7.34024.191
MinimumVisualStudioVersion = 10.0.40219.1
Project("{888888A0-9F3D-457C-B088-3A5042F75D52}") = "simonsays", "simonsays.pyproj", "{00974D47-27FE-4075-9B9F-CEBA66AF4F31}"
EndProject
Global
	GlobalSection(SolutionConfigurationPlatforms) = preSolution
		Debug|Any CPU = Debug|Any CPU
		Release|Any CPU = Release|Any CPU
	EndGlobalSection
	GlobalSection(ProjectConfigurationPlatforms) = postSolution
		{00974D47-27FE-4075-9B9F-CEBA66AF4F31}.Debug|Any CPU.ActiveCfg = Debug|Any CPU
		{00974D47-27FE-4075-9B9F-CEBA66AF4F31}.Release|Any CPU.ActiveCfg = Release|Any CPU
	EndGlobalSection
	GlobalSection(SolutionProperties) = preSolution
		HideSolutionNode = FALSE
	EndGlobalSection
	GlobalSection(ExtensibilityGlobals) = postSolution
		SolutionGuid = {2621B04B-BD41-40D0-B532-863B8841B398}
	EndGlobalSection
EndGlobal
